
Microsoft Visual Studio Solution File, Format Version 12.00
# Visual Studio 15
VisualStudioVersion = 15.0.27703.2018
MinimumVisualStudioVersion = 10.0.40219.1
Project("{2150E333-8FDC-42A3-9474-1A3956D46DE8}") = "0 - Presentation", "0 - Presentation", "{8A4E53C5-D843-442C-AE2A-663059BB00F7}"
EndProject
Project("{2150E333-8FDC-42A3-9474-1A3956D46DE8}") = "1 - Services", "1 - Services", "{237379AD-4883-4D82-8B89-5BAFE9D26D6B}"
EndProject
Project("{2150E333-8FDC-42A3-9474-1A3956D46DE8}") = "2 - Aplication", "2 - Aplication", "{F6CFBB65-C01E-4B64-B6A6-B9F94B464AF3}"
EndProject
Project("{2150E333-8FDC-42A3-9474-1A3956D46DE8}") = "3 - Domain", "3 - Domain", "{2F7A57CA-221E-48EC-89D4-9B3302480709}"
EndProject
Project("{2150E333-8FDC-42A3-9474-1A3956D46DE8}") = "4 - Infra", "4 - Infra", "{7BF27C66-F027-40B4-8764-BD2DA368060B}"
EndProject
Project("{9A19103F-16F7-4668-BE54-9A1E7A4F7556}") = "AGS.ERP.Domain", "scr\AGS.ERP.Domain\AGS.ERP.Domain.csproj", "{AD633870-2AC4-498E-BAD5-BDAD42392E53}"
EndProject
Project("{2150E333-8FDC-42A3-9474-1A3956D46DE8}") = "4.1 - Data", "4.1 - Data", "{FADC513E-0E19-4652-B604-A36DA3047CEC}"
EndProject
Project("{9A19103F-16F7-4668-BE54-9A1E7A4F7556}") = "AGS.ERP.Infra.Data", "scr\AGS.ERP.Infra.Data\AGS.ERP.Infra.Data.csproj", "{046EDEB6-DF38-4D12-BC84-055CF7381D45}"
EndProject
Project("{9A19103F-16F7-4668-BE54-9A1E7A4F7556}") = "AGS.ERP.Web", "scr\AGS.ERP.Web\AGS.ERP.Web.csproj", "{77B3655A-2A3F-4E2B-853C-E114781596E8}"
EndProject
Project("{2150E333-8FDC-42A3-9474-1A3956D46DE8}") = "4.2 - CrossCutting", "4.2 - CrossCutting", "{30122AFB-B3D4-488A-B791-CF8B6FE84427}"
EndProject
Project("{9A19103F-16F7-4668-BE54-9A1E7A4F7556}") = "AGS.ERP.Infra.CrossCutting.IoC", "scr\AGS.ERP.Infra.CrossCutting.IoC\AGS.ERP.Infra.CrossCutting.IoC.csproj", "{5799D527-2A78-42D2-A7EE-A6828384B228}"
EndProject
Project("{FAE04EC0-301F-11D3-BF4B-00C04F79EFBC}") = "AGS.ERP.Application", "scr\AGS.ERP.Application\AGS.ERP.Application.csproj", "{9F0EFEFF-E9FA-4287-AE4C-A1F61680D667}"
EndProject
Global
	GlobalSection(SolutionConfigurationPlatforms) = preSolution
		Debug|Any CPU = Debug|Any CPU
		Release|Any CPU = Release|Any CPU
	EndGlobalSection
	GlobalSection(ProjectConfigurationPlatforms) = postSolution
		{AD633870-2AC4-498E-BAD5-BDAD42392E53}.Debug|Any CPU.ActiveCfg = Debug|Any CPU
		{AD633870-2AC4-498E-BAD5-BDAD42392E53}.Debug|Any CPU.Build.0 = Debug|Any CPU
		{AD633870-2AC4-498E-BAD5-BDAD42392E53}.Release|Any CPU.ActiveCfg = Release|Any CPU
		{AD633870-2AC4-498E-BAD5-BDAD42392E53}.Release|Any CPU.Build.0 = Release|Any CPU
		{046EDEB6-DF38-4D12-BC84-055CF7381D45}.Debug|Any CPU.ActiveCfg = Debug|Any CPU
		{046EDEB6-DF38-4D12-BC84-055CF7381D45}.Debug|Any CPU.Build.0 = Debug|Any CPU
		{046EDEB6-DF38-4D12-BC84-055CF7381D45}.Release|Any CPU.ActiveCfg = Release|Any CPU
		{046EDEB6-DF38-4D12-BC84-055CF7381D45}.Release|Any CPU.Build.0 = Release|Any CPU
		{77B3655A-2A3F-4E2B-853C-E114781596E8}.Debug|Any CPU.ActiveCfg = Debug|Any CPU
		{77B3655A-2A3F-4E2B-853C-E114781596E8}.Debug|Any CPU.Build.0 = Debug|Any CPU
		{77B3655A-2A3F-4E2B-853C-E114781596E8}.Release|Any CPU.ActiveCfg = Release|Any CPU
		{77B3655A-2A3F-4E2B-853C-E114781596E8}.Release|Any CPU.Build.0 = Release|Any CPU
		{5799D527-2A78-42D2-A7EE-A6828384B228}.Debug|Any CPU.ActiveCfg = Debug|Any CPU
		{5799D527-2A78-42D2-A7EE-A6828384B228}.Debug|Any CPU.Build.0 = Debug|Any CPU
		{5799D527-2A78-42D2-A7EE-A6828384B228}.Release|Any CPU.ActiveCfg = Release|Any CPU
		{5799D527-2A78-42D2-A7EE-A6828384B228}.Release|Any CPU.Build.0 = Release|Any CPU
		{9F0EFEFF-E9FA-4287-AE4C-A1F61680D667}.Debug|Any CPU.ActiveCfg = Debug|Any CPU
		{9F0EFEFF-E9FA-4287-AE4C-A1F61680D667}.Debug|Any CPU.Build.0 = Debug|Any CPU
		{9F0EFEFF-E9FA-4287-AE4C-A1F61680D667}.Release|Any CPU.ActiveCfg = Release|Any CPU
		{9F0EFEFF-E9FA-4287-AE4C-A1F61680D667}.Release|Any CPU.Build.0 = Release|Any CPU
	EndGlobalSection
	GlobalSection(SolutionProperties) = preSolution
		HideSolutionNode = FALSE
	EndGlobalSection
	GlobalSection(NestedProjects) = preSolution
		{AD633870-2AC4-498E-BAD5-BDAD42392E53} = {2F7A57CA-221E-48EC-89D4-9B3302480709}
		{FADC513E-0E19-4652-B604-A36DA3047CEC} = {7BF27C66-F027-40B4-8764-BD2DA368060B}
		{046EDEB6-DF38-4D12-BC84-055CF7381D45} = {FADC513E-0E19-4652-B604-A36DA3047CEC}
		{77B3655A-2A3F-4E2B-853C-E114781596E8} = {8A4E53C5-D843-442C-AE2A-663059BB00F7}
		{30122AFB-B3D4-488A-B791-CF8B6FE84427} = {7BF27C66-F027-40B4-8764-BD2DA368060B}
		{5799D527-2A78-42D2-A7EE-A6828384B228} = {30122AFB-B3D4-488A-B791-CF8B6FE84427}
		{9F0EFEFF-E9FA-4287-AE4C-A1F61680D667} = {F6CFBB65-C01E-4B64-B6A6-B9F94B464AF3}
	EndGlobalSection
	GlobalSection(ExtensibilityGlobals) = postSolution
		SolutionGuid = {BB73677A-04C3-4DAF-A31D-CE321BDE84F6}
	EndGlobalSection
EndGlobal
